{
    "_readme": [
        "This file locks the dependencies of your project to a known state",
        "Read more about it at https://getcomposer.org/doc/01-basic-usage.md#installing-dependencies",
        "This file is @generated automatically"
    ],
    "content-hash": "65872ba0aceec9c4ba16085d77fdc1a2",
    "packages": [
        {
            "name": "linecorp/line-bot-sdk",
            "version": "7.0.0",
            "source": {
                "type": "git",
                "url": "https://github.com/line/line-bot-sdk-php.git",
                "reference": "210d87af3f5fa3ed7837c3c875e39e1e3caeb9b7"
            },
            "dist": {
                "type": "zip",
                "url": "https://api.github.com/repos/line/line-bot-sdk-php/zipball/210d87af3f5fa3ed7837c3c875e39e1e3caeb9b7",
                "reference": "210d87af3f5fa3ed7837c3c875e39e1e3caeb9b7",
                "shasum": ""
            },
            "require": {
                "ext-curl": "*",
                "ext-json": "*",
                "ext-sockets": "*",
                "php": ">=5.6"
            },
            "require-dev": {
                "orchestra/testbench": "*",
                "phpmd/phpmd": "~2.9",
                "phpunit/phpunit": "^4.8.36||^5||^6||^7",
                "squizlabs/php_codesniffer": "~3.5"
            },
            "suggest": {
                "apigen/apigen": "Install with roave/better-reflection:dev-master to generate docs",
                "roave/better-reflection": "Required by apigen/apigen:dev-master"
            },
            "type": "library",
            "extra": {
                "laravel": {
                    "providers": [
                        "LINE\\Laravel\\LINEBotServiceProvider"
                    ],
                    "aliases": {
                        "LINEBot": "LINE\\Laravel\\Facade\\LINEBot"
                    }
                }
            },
            "autoload": {
                "psr-4": {
                    "LINE\\": "src/"
                }
            },
            "notification-url": "https://packagist.org/downloads/",
            "license": [
                "Apache-2.0"
            ],
            "authors": [
                {
                    "name": "moznion",
                    "email": "moznion@gmail.com",
                    "role": "Retired"
                },
                {
                    "name": "Satoru Yoshihara",
                    "email": "vaduz0@gmail.com",
                    "role": "Maintainer"
                },
                {
                    "name": "Satoshi Shibuya",
                    "email": "satosby@gmail.com",
                    "role": "Maintainer"
                },
                {
                    "name": "Shunsuke Mori",
                    "email": "morimorim7180@gmail.com",
                    "role": "Maintainer"
                }
            ],
            "description": "SDK of the LINE BOT API for PHP",
            "homepage": "https://github.com/line/line-bot-sdk-php",
            "keywords": [
                "bot",
                "line",
                "sdk"
            ],
            "time": "2021-03-11T12:19:26+00:00"
        }
    ],
    "packages-dev": [],
    "aliases": [],
    "minimum-stability": "stable",
    "stability-flags": [],
    "prefer-stable": false,
    "prefer-lowest": false,
    "platform": [],
    "platform-dev": []
}
